
Microsoft Visual Studio Solution File, Format Version 12.00
# Visual Studio 15
VisualStudioVersion = 15.0.28307.271
MinimumVisualStudioVersion = 10.0.40219.1
Project("{8BC9CEB8-8B4A-11D0-8D11-00A0C91BC942}") = "dcel_extension - boost", "dcel_extension - boost\dcel_extension - boost.vcxproj", "{89ED9133-1A0E-4334-AB06-C191DDE46C8D}"
EndProject
Global
	GlobalSection(SolutionConfigurationPlatforms) = preSolution
		Debug|x64 = Debug|x64
		Debug|x86 = Debug|x86
		Release|x64 = Release|x64
		Release|x86 = Release|x86
	EndGlobalSection
	GlobalSection(ProjectConfigurationPlatforms) = postSolution
		{89ED9133-1A0E-4334-AB06-C191DDE46C8D}.Debug|x64.ActiveCfg = Debug|x64
		{89ED9133-1A0E-4334-AB06-C191DDE46C8D}.Debug|x64.Build.0 = Debug|x64
		{89ED9133-1A0E-4334-AB06-C191DDE46C8D}.Debug|x86.ActiveCfg = Debug|Win32
		{89ED9133-1A0E-4334-AB06-C191DDE46C8D}.Debug|x86.Build.0 = Debug|Win32
		{89ED9133-1A0E-4334-AB06-C191DDE46C8D}.Release|x64.ActiveCfg = Release|x64
		{89ED9133-1A0E-4334-AB06-C191DDE46C8D}.Release|x64.Build.0 = Release|x64
		{89ED9133-1A0E-4334-AB06-C191DDE46C8D}.Release|x86.ActiveCfg = Release|Win32
		{89ED9133-1A0E-4334-AB06-C191DDE46C8D}.Release|x86.Build.0 = Release|Win32
	EndGlobalSection
	GlobalSection(SolutionProperties) = preSolution
		HideSolutionNode = FALSE
	EndGlobalSection
	GlobalSection(ExtensibilityGlobals) = postSolution
		SolutionGuid = {01AF4342-C3C1-4022-8814-1A6C28AEBC29}
	EndGlobalSection
EndGlobal
